
Microsoft Visual Studio Solution File, Format Version 12.00
# Visual Studio Version 17
VisualStudioVersion = 17.3.32929.385
MinimumVisualStudioVersion = 10.0.40219.1
Project("{8BC9CEB8-8B4A-11D0-8D11-00A0C91BC942}") = "runewars", "runewars\runewars.vcxproj", "{78D681DD-E993-4329-9316-6F473EAD96BB}"
EndProject
Project("{8BC9CEB8-8B4A-11D0-8D11-00A0C91BC942}") = "UnitTest1", "UnitTest1\UnitTest1.vcxproj", "{CE82A5B6-E524-41D9-A21B-159B36218A4C}"
EndProject
Global
	GlobalSection(SolutionConfigurationPlatforms) = preSolution
		Debug|x64 = Debug|x64
		Debug|x86 = Debug|x86
		Release|x64 = Release|x64
		Release|x86 = Release|x86
	EndGlobalSection
	GlobalSection(ProjectConfigurationPlatforms) = postSolution
		{78D681DD-E993-4329-9316-6F473EAD96BB}.Debug|x64.ActiveCfg = Debug|x64
		{78D681DD-E993-4329-9316-6F473EAD96BB}.Debug|x64.Build.0 = Debug|x64
		{78D681DD-E993-4329-9316-6F473EAD96BB}.Debug|x86.ActiveCfg = Debug|Win32
		{78D681DD-E993-4329-9316-6F473EAD96BB}.Debug|x86.Build.0 = Debug|Win32
		{78D681DD-E993-4329-9316-6F473EAD96BB}.Release|x64.ActiveCfg = Release|x64
		{78D681DD-E993-4329-9316-6F473EAD96BB}.Release|x64.Build.0 = Release|x64
		{78D681DD-E993-4329-9316-6F473EAD96BB}.Release|x86.ActiveCfg = Release|Win32
		{78D681DD-E993-4329-9316-6F473EAD96BB}.Release|x86.Build.0 = Release|Win32
		{CE82A5B6-E524-41D9-A21B-159B36218A4C}.Debug|x64.ActiveCfg = Debug|x64
		{CE82A5B6-E524-41D9-A21B-159B36218A4C}.Debug|x64.Build.0 = Debug|x64
		{CE82A5B6-E524-41D9-A21B-159B36218A4C}.Debug|x86.ActiveCfg = Debug|Win32
		{CE82A5B6-E524-41D9-A21B-159B36218A4C}.Debug|x86.Build.0 = Debug|Win32
		{CE82A5B6-E524-41D9-A21B-159B36218A4C}.Release|x64.ActiveCfg = Release|x64
		{CE82A5B6-E524-41D9-A21B-159B36218A4C}.Release|x64.Build.0 = Release|x64
		{CE82A5B6-E524-41D9-A21B-159B36218A4C}.Release|x86.ActiveCfg = Release|Win32
		{CE82A5B6-E524-41D9-A21B-159B36218A4C}.Release|x86.Build.0 = Release|Win32
	EndGlobalSection
	GlobalSection(SolutionProperties) = preSolution
		HideSolutionNode = FALSE
	EndGlobalSection
	GlobalSection(ExtensibilityGlobals) = postSolution
		SolutionGuid = {0D199F5D-6CF6-4BCD-9FE4-8AF7A457AD44}
	EndGlobalSection
EndGlobal
